// !$*UTF8*$!
{
	archiveVersion = 1;
	classes = {
	};
	objectVersion = 56;
	objects = {

/* Begin PBXBuildFile section */
		F60E60A52B032AAF003DCBE3 /* MeetingFooterView.swift in Sources */ = {isa = PBXBuildFile; fileRef = F60E60A42B032AAF003DCBE3 /* MeetingFooterView.swift */; };
		F6186CDC2AFACC220090DB19 /* DetailView.swift in Sources */ = {isa = PBXBuildFile; fileRef = F6186CDB2AFACC220090DB19 /* DetailView.swift */; };
		F62AB2542B049DB4008C1D5A /* AVPlayer+Ding.swift in Sources */ = {isa = PBXBuildFile; fileRef = F62AB2532B049DB4008C1D5A /* AVPlayer+Ding.swift */; };
		F62AB2562B05D5F7008C1D5A /* NewScrumSheetView.swift in Sources */ = {isa = PBXBuildFile; fileRef = F62AB2552B05D5F7008C1D5A /* NewScrumSheetView.swift */; };
		F639C7B42B09B30800AB80B4 /* ErrorWrapper.swift in Sources */ = {isa = PBXBuildFile; fileRef = F639C7B32B09B30800AB80B4 /* ErrorWrapper.swift */; };
		F639C7B62B0B268000AB80B4 /* ErrorView.swift in Sources */ = {isa = PBXBuildFile; fileRef = F639C7B52B0B268000AB80B4 /* ErrorView.swift */; };
		F64ED9642B00637C009649B3 /* MeetingHeaderView.swift in Sources */ = {isa = PBXBuildFile; fileRef = F64ED9632B00637C009649B3 /* MeetingHeaderView.swift */; };
		F64ED9662B017135009649B3 /* ScrumProgressViewStyle.swift in Sources */ = {isa = PBXBuildFile; fileRef = F64ED9652B017135009649B3 /* ScrumProgressViewStyle.swift */; };
		F64ED9682B018A75009649B3 /* ScrumTimer.swift in Sources */ = {isa = PBXBuildFile; fileRef = F64ED9672B018A75009649B3 /* ScrumTimer.swift */; };
		F65065532AF193E700E1159B /* ScrumdingerApp.swift in Sources */ = {isa = PBXBuildFile; fileRef = F65065522AF193E700E1159B /* ScrumdingerApp.swift */; };
		F65065552AF193E700E1159B /* MeetingView.swift in Sources */ = {isa = PBXBuildFile; fileRef = F65065542AF193E700E1159B /* MeetingView.swift */; };
		F65065572AF193E800E1159B /* Assets.xcassets in Resources */ = {isa = PBXBuildFile; fileRef = F65065562AF193E800E1159B /* Assets.xcassets */; };
		F650655A2AF193E800E1159B /* Preview Assets.xcassets in Resources */ = {isa = PBXBuildFile; fileRef = F65065592AF193E800E1159B /* Preview Assets.xcassets */; };
		F65065622AF427CD00E1159B /* Theme.swift in Sources */ = {isa = PBXBuildFile; fileRef = F65065612AF427CD00E1159B /* Theme.swift */; };
		F65065972AF475C300E1159B /* DailyScrum.swift in Sources */ = {isa = PBXBuildFile; fileRef = F65065962AF475C300E1159B /* DailyScrum.swift */; };
		F65065992AF4A38E00E1159B /* CardView.swift in Sources */ = {isa = PBXBuildFile; fileRef = F65065982AF4A38E00E1159B /* CardView.swift */; };
		F66F3D782AF9CC7500E64B7A /* ScrumsView.swift in Sources */ = {isa = PBXBuildFile; fileRef = F66F3D772AF9CC7500E64B7A /* ScrumsView.swift */; };
		F673C31D2B06A0E20009485B /* History.swift in Sources */ = {isa = PBXBuildFile; fileRef = F673C31C2B06A0E20009485B /* History.swift */; };
		F673C31F2B07303D0009485B /* ScrumStore.swift in Sources */ = {isa = PBXBuildFile; fileRef = F673C31E2B07303D0009485B /* ScrumStore.swift */; };
		F6828C402B131A19006399F9 /* SpeakerArc.swift in Sources */ = {isa = PBXBuildFile; fileRef = F6828C3F2B131A19006399F9 /* SpeakerArc.swift */; };
		F6828C422B15BFCB006399F9 /* SpeechRecognizer.swift in Sources */ = {isa = PBXBuildFile; fileRef = F6828C412B15BFCB006399F9 /* SpeechRecognizer.swift */; };
		F6B4A38E2AFDF290006F6205 /* ThemeView.swift in Sources */ = {isa = PBXBuildFile; fileRef = F6B4A38D2AFDF290006F6205 /* ThemeView.swift */; };
		F6B4A3902AFDF8AC006F6205 /* ThemePicker.swift in Sources */ = {isa = PBXBuildFile; fileRef = F6B4A38F2AFDF8AC006F6205 /* ThemePicker.swift */; };
		F6BB65822B1FCE7400871B8B /* HistoryView.swift in Sources */ = {isa = PBXBuildFile; fileRef = F6BB65812B1FCE7400871B8B /* HistoryView.swift */; };
		F6C4B84A2B0FF9F500EBF4BC /* MeetingTimerView.swift in Sources */ = {isa = PBXBuildFile; fileRef = F6C4B8492B0FF9F500EBF4BC /* MeetingTimerView.swift */; };
		F6CF0FEE2AFB5D0B00469228 /* DetailEditView.swift in Sources */ = {isa = PBXBuildFile; fileRef = F6CF0FED2AFB5D0B00469228 /* DetailEditView.swift */; };
		F6D878E12AF6E133009DD99E /* TrailingIconLabelStyle.swift in Sources */ = {isa = PBXBuildFile; fileRef = F6D878E02AF6E133009DD99E /* TrailingIconLabelStyle.swift */; };
/* End PBXBuildFile section */

/* Begin PBXFileReference section */
		F60E60A42B032AAF003DCBE3 /* MeetingFooterView.swift */ = {isa = PBXFileReference; lastKnownFileType = sourcecode.swift; path = MeetingFooterView.swift; sourceTree = "<group>"; };
		F6186CDB2AFACC220090DB19 /* DetailView.swift */ = {isa = PBXFileReference; lastKnownFileType = sourcecode.swift; path = DetailView.swift; sourceTree = "<group>"; };
		F62AB2532B049DB4008C1D5A /* AVPlayer+Ding.swift */ = {isa = PBXFileReference; lastKnownFileType = sourcecode.swift; path = "AVPlayer+Ding.swift"; sourceTree = "<group>"; };
		F62AB2552B05D5F7008C1D5A /* NewScrumSheetView.swift */ = {isa = PBXFileReference; lastKnownFileType = sourcecode.swift; path = NewScrumSheetView.swift; sourceTree = "<group>"; };
		F639C7B32B09B30800AB80B4 /* ErrorWrapper.swift */ = {isa = PBXFileReference; lastKnownFileType = sourcecode.swift; path = ErrorWrapper.swift; sourceTree = "<group>"; };
		F639C7B52B0B268000AB80B4 /* ErrorView.swift */ = {isa = PBXFileReference; lastKnownFileType = sourcecode.swift; path = ErrorView.swift; sourceTree = "<group>"; };
		F64ED9632B00637C009649B3 /* MeetingHeaderView.swift */ = {isa = PBXFileReference; lastKnownFileType = sourcecode.swift; path = MeetingHeaderView.swift; sourceTree = "<group>"; };
		F64ED9652B017135009649B3 /* ScrumProgressViewStyle.swift */ = {isa = PBXFileReference; lastKnownFileType = sourcecode.swift; path = ScrumProgressViewStyle.swift; sourceTree = "<group>"; };
		F64ED9672B018A75009649B3 /* ScrumTimer.swift */ = {isa = PBXFileReference; lastKnownFileType = sourcecode.swift; path = ScrumTimer.swift; sourceTree = "<group>"; };
		F650654F2AF193E700E1159B /* Scrumdinger.app */ = {isa = PBXFileReference; explicitFileType = wrapper.application; includeInIndex = 0; path = Scrumdinger.app; sourceTree = BUILT_PRODUCTS_DIR; };
		F65065522AF193E700E1159B /* ScrumdingerApp.swift */ = {isa = PBXFileReference; lastKnownFileType = sourcecode.swift; path = ScrumdingerApp.swift; sourceTree = "<group>"; };
		F65065542AF193E700E1159B /* MeetingView.swift */ = {isa = PBXFileReference; lastKnownFileType = sourcecode.swift; path = MeetingView.swift; sourceTree = "<group>"; };
		F65065562AF193E800E1159B /* Assets.xcassets */ = {isa = PBXFileReference; lastKnownFileType = folder.assetcatalog; path = Assets.xcassets; sourceTree = "<group>"; };
		F65065592AF193E800E1159B /* Preview Assets.xcassets */ = {isa = PBXFileReference; lastKnownFileType = folder.assetcatalog; path = "Preview Assets.xcassets"; sourceTree = "<group>"; };
		F65065612AF427CD00E1159B /* Theme.swift */ = {isa = PBXFileReference; lastKnownFileType = sourcecode.swift; path = Theme.swift; sourceTree = "<group>"; };
		F65065962AF475C300E1159B /* DailyScrum.swift */ = {isa = PBXFileReference; lastKnownFileType = sourcecode.swift; path = DailyScrum.swift; sourceTree = "<group>"; };
		F65065982AF4A38E00E1159B /* CardView.swift */ = {isa = PBXFileReference; lastKnownFileType = sourcecode.swift; path = CardView.swift; sourceTree = "<group>"; };
		F66F3D772AF9CC7500E64B7A /* ScrumsView.swift */ = {isa = PBXFileReference; lastKnownFileType = sourcecode.swift; path = ScrumsView.swift; sourceTree = "<group>"; };
		F673C31C2B06A0E20009485B /* History.swift */ = {isa = PBXFileReference; lastKnownFileType = sourcecode.swift; path = History.swift; sourceTree = "<group>"; };
		F673C31E2B07303D0009485B /* ScrumStore.swift */ = {isa = PBXFileReference; lastKnownFileType = sourcecode.swift; path = ScrumStore.swift; sourceTree = "<group>"; };
		F6828C3F2B131A19006399F9 /* SpeakerArc.swift */ = {isa = PBXFileReference; lastKnownFileType = sourcecode.swift; path = SpeakerArc.swift; sourceTree = "<group>"; };
		F6828C412B15BFCB006399F9 /* SpeechRecognizer.swift */ = {isa = PBXFileReference; lastKnownFileType = sourcecode.swift; path = SpeechRecognizer.swift; sourceTree = "<group>"; };
		F6B4A38D2AFDF290006F6205 /* ThemeView.swift */ = {isa = PBXFileReference; lastKnownFileType = sourcecode.swift; path = ThemeView.swift; sourceTree = "<group>"; };
		F6B4A38F2AFDF8AC006F6205 /* ThemePicker.swift */ = {isa = PBXFileReference; lastKnownFileType = sourcecode.swift; path = ThemePicker.swift; sourceTree = "<group>"; };
		F6BB65812B1FCE7400871B8B /* HistoryView.swift */ = {isa = PBXFileReference; lastKnownFileType = sourcecode.swift; path = HistoryView.swift; sourceTree = "<group>"; };
		F6C4B8492B0FF9F500EBF4BC /* MeetingTimerView.swift */ = {isa = PBXFileReference; lastKnownFileType = sourcecode.swift; path = MeetingTimerView.swift; sourceTree = "<group>"; };
		F6CF0FED2AFB5D0B00469228 /* DetailEditView.swift */ = {isa = PBXFileReference; lastKnownFileType = sourcecode.swift; path = DetailEditView.swift; sourceTree = "<group>"; };
		F6D878E02AF6E133009DD99E /* TrailingIconLabelStyle.swift */ = {isa = PBXFileReference; lastKnownFileType = sourcecode.swift; path = TrailingIconLabelStyle.swift; sourceTree = "<group>"; };
/* End PBXFileReference section */

/* Begin PBXFrameworksBuildPhase section */
		F650654C2AF193E700E1159B /* Frameworks */ = {
			isa = PBXFrameworksBuildPhase;
			buildActionMask = 2147483647;
			files = (
			);
			runOnlyForDeploymentPostprocessing = 0;
		};
/* End PBXFrameworksBuildPhase section */

/* Begin PBXGroup section */
		F65065462AF193E700E1159B = {
			isa = PBXGroup;
			children = (
				F65065512AF193E700E1159B /* Scrumdinger */,
				F65065502AF193E700E1159B /* Products */,
			);
			sourceTree = "<group>";
		};
		F65065502AF193E700E1159B /* Products */ = {
			isa = PBXGroup;
			children = (
				F650654F2AF193E700E1159B /* Scrumdinger.app */,
			);
			name = Products;
			sourceTree = "<group>";
		};
		F65065512AF193E700E1159B /* Scrumdinger */ = {
			isa = PBXGroup;
			children = (
				F65065602AF427AC00E1159B /* Models */,
				F65065522AF193E700E1159B /* ScrumdingerApp.swift */,
				F65065542AF193E700E1159B /* MeetingView.swift */,
				F65065982AF4A38E00E1159B /* CardView.swift */,
				F66F3D772AF9CC7500E64B7A /* ScrumsView.swift */,
				F6D878E02AF6E133009DD99E /* TrailingIconLabelStyle.swift */,
				F6186CDB2AFACC220090DB19 /* DetailView.swift */,
				F6CF0FED2AFB5D0B00469228 /* DetailEditView.swift */,
				F6B4A38D2AFDF290006F6205 /* ThemeView.swift */,
				F6B4A38F2AFDF8AC006F6205 /* ThemePicker.swift */,
				F64ED9632B00637C009649B3 /* MeetingHeaderView.swift */,
				F60E60A42B032AAF003DCBE3 /* MeetingFooterView.swift */,
				F639C7B52B0B268000AB80B4 /* ErrorView.swift */,
				F65065562AF193E800E1159B /* Assets.xcassets */,
				F65065582AF193E800E1159B /* Preview Content */,
				F64ED9652B017135009649B3 /* ScrumProgressViewStyle.swift */,
				F64ED9672B018A75009649B3 /* ScrumTimer.swift */,
				F6C4B8492B0FF9F500EBF4BC /* MeetingTimerView.swift */,
				F6828C3F2B131A19006399F9 /* SpeakerArc.swift */,
				F6BB65812B1FCE7400871B8B /* HistoryView.swift */,
			);
			path = Scrumdinger;
			sourceTree = "<group>";
		};
		F65065582AF193E800E1159B /* Preview Content */ = {
			isa = PBXGroup;
			children = (
				F65065592AF193E800E1159B /* Preview Assets.xcassets */,
			);
			path = "Preview Content";
			sourceTree = "<group>";
		};
		F65065602AF427AC00E1159B /* Models */ = {
			isa = PBXGroup;
			children = (
				F65065612AF427CD00E1159B /* Theme.swift */,
				F65065962AF475C300E1159B /* DailyScrum.swift */,
				F62AB2532B049DB4008C1D5A /* AVPlayer+Ding.swift */,
				F62AB2552B05D5F7008C1D5A /* NewScrumSheetView.swift */,
				F673C31C2B06A0E20009485B /* History.swift */,
				F673C31E2B07303D0009485B /* ScrumStore.swift */,
				F639C7B32B09B30800AB80B4 /* ErrorWrapper.swift */,
				F6828C412B15BFCB006399F9 /* SpeechRecognizer.swift */,
			);
			path = Models;
			sourceTree = "<group>";
		};
/* End PBXGroup section */

/* Begin PBXNativeTarget section */
		F650654E2AF193E700E1159B /* Scrumdinger */ = {
			isa = PBXNativeTarget;
			buildConfigurationList = F650655D2AF193E800E1159B /* Build configuration list for PBXNativeTarget "Scrumdinger" */;
			buildPhases = (
				F650654B2AF193E700E1159B /* Sources */,
				F650654C2AF193E700E1159B /* Frameworks */,
				F650654D2AF193E700E1159B /* Resources */,
			);
			buildRules = (
			);
			dependencies = (
			);
			name = Scrumdinger;
			productName = Scrumdinger;
			productReference = F650654F2AF193E700E1159B /* Scrumdinger.app */;
			productType = "com.apple.product-type.application";
		};
/* End PBXNativeTarget section */

/* Begin PBXProject section */
		F65065472AF193E700E1159B /* Project object */ = {
			isa = PBXProject;
			attributes = {
				BuildIndependentTargetsInParallel = 1;
				LastSwiftUpdateCheck = 1500;
				LastUpgradeCheck = 1500;
				TargetAttributes = {
					F650654E2AF193E700E1159B = {
						CreatedOnToolsVersion = 15.0.1;
					};
				};
			};
			buildConfigurationList = F650654A2AF193E700E1159B /* Build configuration list for PBXProject "Scrumdinger" */;
			compatibilityVersion = "Xcode 14.0";
			developmentRegion = en;
			hasScannedForEncodings = 0;
			knownRegions = (
				en,
				Base,
			);
			mainGroup = F65065462AF193E700E1159B;
			productRefGroup = F65065502AF193E700E1159B /* Products */;
			projectDirPath = "";
			projectRoot = "";
			targets = (
				F650654E2AF193E700E1159B /* Scrumdinger */,
			);
		};
/* End PBXProject section */

/* Begin PBXResourcesBuildPhase section */
		F650654D2AF193E700E1159B /* Resources */ = {
			isa = PBXResourcesBuildPhase;
			buildActionMask = 2147483647;
			files = (
				F650655A2AF193E800E1159B /* Preview Assets.xcassets in Resources */,
				F65065572AF193E800E1159B /* Assets.xcassets in Resources */,
			);
			runOnlyForDeploymentPostprocessing = 0;
		};
/* End PBXResourcesBuildPhase section */

/* Begin PBXSourcesBuildPhase section */
		F650654B2AF193E700E1159B /* Sources */ = {
			isa = PBXSourcesBuildPhase;
			buildActionMask = 2147483647;
			files = (
				F673C31D2B06A0E20009485B /* History.swift in Sources */,
				F6B4A3902AFDF8AC006F6205 /* ThemePicker.swift in Sources */,
				F62AB2562B05D5F7008C1D5A /* NewScrumSheetView.swift in Sources */,
				F64ED9662B017135009649B3 /* ScrumProgressViewStyle.swift in Sources */,
				F6828C402B131A19006399F9 /* SpeakerArc.swift in Sources */,
				F639C7B62B0B268000AB80B4 /* ErrorView.swift in Sources */,
				F60E60A52B032AAF003DCBE3 /* MeetingFooterView.swift in Sources */,
				F6BB65822B1FCE7400871B8B /* HistoryView.swift in Sources */,
				F6C4B84A2B0FF9F500EBF4BC /* MeetingTimerView.swift in Sources */,
				F64ED9682B018A75009649B3 /* ScrumTimer.swift in Sources */,
				F673C31F2B07303D0009485B /* ScrumStore.swift in Sources */,
				F65065972AF475C300E1159B /* DailyScrum.swift in Sources */,
				F639C7B42B09B30800AB80B4 /* ErrorWrapper.swift in Sources */,
				F6186CDC2AFACC220090DB19 /* DetailView.swift in Sources */,
				F64ED9642B00637C009649B3 /* MeetingHeaderView.swift in Sources */,
				F6CF0FEE2AFB5D0B00469228 /* DetailEditView.swift in Sources */,
				F6D878E12AF6E133009DD99E /* TrailingIconLabelStyle.swift in Sources */,
				F65065622AF427CD00E1159B /* Theme.swift in Sources */,
				F6828C422B15BFCB006399F9 /* SpeechRecognizer.swift in Sources */,
				F66F3D782AF9CC7500E64B7A /* ScrumsView.swift in Sources */,
				F65065552AF193E700E1159B /* MeetingView.swift in Sources */,
				F65065532AF193E700E1159B /* ScrumdingerApp.swift in Sources */,
				F6B4A38E2AFDF290006F6205 /* ThemeView.swift in Sources */,
				F65065992AF4A38E00E1159B /* CardView.swift in Sources */,
				F62AB2542B049DB4008C1D5A /* AVPlayer+Ding.swift in Sources */,
			);
			runOnlyForDeploymentPostprocessing = 0;
		};
/* End PBXSourcesBuildPhase section */

/* Begin XCBuildConfiguration section */
		F650655B2AF193E800E1159B /* Debug */ = {
			isa = XCBuildConfiguration;
			buildSettings = {
				ALWAYS_SEARCH_USER_PATHS = NO;
				ASSETCATALOG_COMPILER_GENERATE_SWIFT_ASSET_SYMBOL_EXTENSIONS = YES;
				CLANG_ANALYZER_NONNULL = YES;
				CLANG_ANALYZER_NUMBER_OBJECT_CONVERSION = YES_AGGRESSIVE;
				CLANG_CXX_LANGUAGE_STANDARD = "gnu++20";
				CLANG_ENABLE_MODULES = YES;
				CLANG_ENABLE_OBJC_ARC = YES;
				CLANG_ENABLE_OBJC_WEAK = YES;
				CLANG_WARN_BLOCK_CAPTURE_AUTORELEASING = YES;
				CLANG_WARN_BOOL_CONVERSION = YES;
				CLANG_WARN_COMMA = YES;
				CLANG_WARN_CONSTANT_CONVERSION = YES;
				CLANG_WARN_DEPRECATED_OBJC_IMPLEMENTATIONS = YES;
				CLANG_WARN_DIRECT_OBJC_ISA_USAGE = YES_ERROR;
				CLANG_WARN_DOCUMENTATION_COMMENTS = YES;
				CLANG_WARN_EMPTY_BODY = YES;
				CLANG_WARN_ENUM_CONVERSION = YES;
				CLANG_WARN_INFINITE_RECURSION = YES;
				CLANG_WARN_INT_CONVERSION = YES;
				CLANG_WARN_NON_LITERAL_NULL_CONVERSION = YES;
				CLANG_WARN_OBJC_IMPLICIT_RETAIN_SELF = YES;
				CLANG_WARN_OBJC_LITERAL_CONVERSION = YES;
				CLANG_WARN_OBJC_ROOT_CLASS = YES_ERROR;
				CLANG_WARN_QUOTED_INCLUDE_IN_FRAMEWORK_HEADER = YES;
				CLANG_WARN_RANGE_LOOP_ANALYSIS = YES;
				CLANG_WARN_STRICT_PROTOTYPES = YES;
				CLANG_WARN_SUSPICIOUS_MOVE = YES;
				CLANG_WARN_UNGUARDED_AVAILABILITY = YES_AGGRESSIVE;
				CLANG_WARN_UNREACHABLE_CODE = YES;
				CLANG_WARN__DUPLICATE_METHOD_MATCH = YES;
				COPY_PHASE_STRIP = NO;
				DEBUG_INFORMATION_FORMAT = dwarf;
				ENABLE_STRICT_OBJC_MSGSEND = YES;
				ENABLE_TESTABILITY = YES;
				ENABLE_USER_SCRIPT_SANDBOXING = YES;
				GCC_C_LANGUAGE_STANDARD = gnu17;
				GCC_DYNAMIC_NO_PIC = NO;
				GCC_NO_COMMON_BLOCKS = YES;
				GCC_OPTIMIZATION_LEVEL = 0;
				GCC_PREPROCESSOR_DEFINITIONS = (
					"DEBUG=1",
					"$(inherited)",
				);
				GCC_WARN_64_TO_32_BIT_CONVERSION = YES;
				GCC_WARN_ABOUT_RETURN_TYPE = YES_ERROR;
				GCC_WARN_UNDECLARED_SELECTOR = YES;
				GCC_WARN_UNINITIALIZED_AUTOS = YES_AGGRESSIVE;
				GCC_WARN_UNUSED_FUNCTION = YES;
				GCC_WARN_UNUSED_VARIABLE = YES;
				IPHONEOS_DEPLOYMENT_TARGET = 17.0;
				LOCALIZATION_PREFERS_STRING_CATALOGS = YES;
				MTL_ENABLE_DEBUG_INFO = INCLUDE_SOURCE;
				MTL_FAST_MATH = YES;
				ONLY_ACTIVE_ARCH = YES;
				SDKROOT = iphoneos;
				SWIFT_ACTIVE_COMPILATION_CONDITIONS = "DEBUG $(inherited)";
				SWIFT_OPTIMIZATION_LEVEL = "-Onone";
			};
			name = Debug;
		};
		F650655C2AF193E800E1159B /* Release */ = {
			isa = XCBuildConfiguration;
			buildSettings = {
				ALWAYS_SEARCH_USER_PATHS = NO;
				ASSETCATALOG_COMPILER_GENERATE_SWIFT_ASSET_SYMBOL_EXTENSIONS = YES;
				CLANG_ANALYZER_NONNULL = YES;
				CLANG_ANALYZER_NUMBER_OBJECT_CONVERSION = YES_AGGRESSIVE;
				CLANG_CXX_LANGUAGE_STANDARD = "gnu++20";
				CLANG_ENABLE_MODULES = YES;
				CLANG_ENABLE_OBJC_ARC = YES;
				CLANG_ENABLE_OBJC_WEAK = YES;
				CLANG_WARN_BLOCK_CAPTURE_AUTORELEASING = YES;
				CLANG_WARN_BOOL_CONVERSION = YES;
				CLANG_WARN_COMMA = YES;
				CLANG_WARN_CONSTANT_CONVERSION = YES;
				CLANG_WARN_DEPRECATED_OBJC_IMPLEMENTATIONS = YES;
				CLANG_WARN_DIRECT_OBJC_ISA_USAGE = YES_ERROR;
				CLANG_WARN_DOCUMENTATION_COMMENTS = YES;
				CLANG_WARN_EMPTY_BODY = YES;
				CLANG_WARN_ENUM_CONVERSION = YES;
				CLANG_WARN_INFINITE_RECURSION = YES;
				CLANG_WARN_INT_CONVERSION = YES;
				CLANG_WARN_NON_LITERAL_NULL_CONVERSION = YES;
				CLANG_WARN_OBJC_IMPLICIT_RETAIN_SELF = YES;
				CLANG_WARN_OBJC_LITERAL_CONVERSION = YES;
				CLANG_WARN_OBJC_ROOT_CLASS = YES_ERROR;
				CLANG_WARN_QUOTED_INCLUDE_IN_FRAMEWORK_HEADER = YES;
				CLANG_WARN_RANGE_LOOP_ANALYSIS = YES;
				CLANG_WARN_STRICT_PROTOTYPES = YES;
				CLANG_WARN_SUSPICIOUS_MOVE = YES;
				CLANG_WARN_UNGUARDED_AVAILABILITY = YES_AGGRESSIVE;
				CLANG_WARN_UNREACHABLE_CODE = YES;
				CLANG_WARN__DUPLICATE_METHOD_MATCH = YES;
				COPY_PHASE_STRIP = NO;
				DEBUG_INFORMATION_FORMAT = "dwarf-with-dsym";
				ENABLE_NS_ASSERTIONS = NO;
				ENABLE_STRICT_OBJC_MSGSEND = YES;
				ENABLE_USER_SCRIPT_SANDBOXING = YES;
				GCC_C_LANGUAGE_STANDARD = gnu17;
				GCC_NO_COMMON_BLOCKS = YES;
				GCC_WARN_64_TO_32_BIT_CONVERSION = YES;
				GCC_WARN_ABOUT_RETURN_TYPE = YES_ERROR;
				GCC_WARN_UNDECLARED_SELECTOR = YES;
				GCC_WARN_UNINITIALIZED_AUTOS = YES_AGGRESSIVE;
				GCC_WARN_UNUSED_FUNCTION = YES;
				GCC_WARN_UNUSED_VARIABLE = YES;
				IPHONEOS_DEPLOYMENT_TARGET = 17.0;
				LOCALIZATION_PREFERS_STRING_CATALOGS = YES;
				MTL_ENABLE_DEBUG_INFO = NO;
				MTL_FAST_MATH = YES;
				SDKROOT = iphoneos;
				SWIFT_COMPILATION_MODE = wholemodule;
				VALIDATE_PRODUCT = YES;
			};
			name = Release;
		};
		F650655E2AF193E800E1159B /* Debug */ = {
			isa = XCBuildConfiguration;
			buildSettings = {
				ASSETCATALOG_COMPILER_APPICON_NAME = AppIcon;
				ASSETCATALOG_COMPILER_GLOBAL_ACCENT_COLOR_NAME = AccentColor;
				CODE_SIGN_STYLE = Automatic;
				CURRENT_PROJECT_VERSION = 1;
				DEVELOPMENT_ASSET_PATHS = "\"Scrumdinger/Preview Content\"";
				DEVELOPMENT_TEAM = WF8GCL77CM;
				ENABLE_PREVIEWS = YES;
				GENERATE_INFOPLIST_FILE = YES;
				INFOPLIST_KEY_NSMicrophoneUsageDescription = "“Audio is recorded to transcribe the meeting. Audio recordings are discarded after transcription.”";
				INFOPLIST_KEY_NSSpeechRecognitionUsageDescription = "“You can view a text transcription of your meeting in the app.”";
				INFOPLIST_KEY_UIApplicationSceneManifest_Generation = YES;
				INFOPLIST_KEY_UIApplicationSupportsIndirectInputEvents = YES;
				INFOPLIST_KEY_UILaunchScreen_Generation = YES;
				INFOPLIST_KEY_UISupportedInterfaceOrientations_iPad = "UIInterfaceOrientationPortrait UIInterfaceOrientationPortraitUpsideDown UIInterfaceOrientationLandscapeLeft UIInterfaceOrientationLandscapeRight";
				INFOPLIST_KEY_UISupportedInterfaceOrientations_iPhone = "UIInterfaceOrientationPortrait UIInterfaceOrientationLandscapeLeft UIInterfaceOrientationLandscapeRight";
				LD_RUNPATH_SEARCH_PATHS = (
					"$(inherited)",
					"@executable_path/Frameworks",
				);
				MARKETING_VERSION = 1.0;
				PRODUCT_BUNDLE_IDENTIFIER = com.luisarmendariz.Scrumdinger;
				PRODUCT_NAME = "$(TARGET_NAME)";
				SWIFT_EMIT_LOC_STRINGS = YES;
				SWIFT_VERSION = 5.0;
				TARGETED_DEVICE_FAMILY = "1,2";
			};
			name = Debug;
		};
		F650655F2AF193E800E1159B /* Release */ = {
			isa = XCBuildConfiguration;
			buildSettings = {
				ASSETCATALOG_COMPILER_APPICON_NAME = AppIcon;
				ASSETCATALOG_COMPILER_GLOBAL_ACCENT_COLOR_NAME = AccentColor;
				CODE_SIGN_STYLE = Automatic;
				CURRENT_PROJECT_VERSION = 1;
				DEVELOPMENT_ASSET_PATHS = "\"Scrumdinger/Preview Content\"";
				DEVELOPMENT_TEAM = WF8GCL77CM;
				ENABLE_PREVIEWS = YES;
				GENERATE_INFOPLIST_FILE = YES;
				INFOPLIST_KEY_NSMicrophoneUsageDescription = "“Audio is recorded to transcribe the meeting. Audio recordings are discarded after transcription.”";
				INFOPLIST_KEY_NSSpeechRecognitionUsageDescription = "“You can view a text transcription of your meeting in the app.”";
				INFOPLIST_KEY_UIApplicationSceneManifest_Generation = YES;
				INFOPLIST_KEY_UIApplicationSupportsIndirectInputEvents = YES;
				INFOPLIST_KEY_UILaunchScreen_Generation = YES;
				INFOPLIST_KEY_UISupportedInterfaceOrientations_iPad = "UIInterfaceOrientationPortrait UIInterfaceOrientationPortraitUpsideDown UIInterfaceOrientationLandscapeLeft UIInterfaceOrientationLandscapeRight";
				INFOPLIST_KEY_UISupportedInterfaceOrientations_iPhone = "UIInterfaceOrientationPortrait UIInterfaceOrientationLandscapeLeft UIInterfaceOrientationLandscapeRight";
				LD_RUNPATH_SEARCH_PATHS = (
					"$(inherited)",
					"@executable_path/Frameworks",
				);
				MARKETING_VERSION = 1.0;
				PRODUCT_BUNDLE_IDENTIFIER = com.luisarmendariz.Scrumdinger;
				PRODUCT_NAME = "$(TARGET_NAME)";
				SWIFT_EMIT_LOC_STRINGS = YES;
				SWIFT_VERSION = 5.0;
				TARGETED_DEVICE_FAMILY = "1,2";
			};
			name = Release;
		};
/* End XCBuildConfiguration section */

/* Begin XCConfigurationList section */
		F650654A2AF193E700E1159B /* Build configuration list for PBXProject "Scrumdinger" */ = {
			isa = XCConfigurationList;
			buildConfigurations = (
				F650655B2AF193E800E1159B /* Debug */,
				F650655C2AF193E800E1159B /* Release */,
			);
			defaultConfigurationIsVisible = 0;
			defaultConfigurationName = Release;
		};
		F650655D2AF193E800E1159B /* Build configuration list for PBXNativeTarget "Scrumdinger" */ = {
			isa = XCConfigurationList;
			buildConfigurations = (
				F650655E2AF193E800E1159B /* Debug */,
				F650655F2AF193E800E1159B /* Release */,
			);
			defaultConfigurationIsVisible = 0;
			defaultConfigurationName = Release;
		};
/* End XCConfigurationList section */
	};
	rootObject = F65065472AF193E700E1159B /* Project object */;
}
